
Microsoft Visual Studio Solution File, Format Version 12.00
# Visual Studio Version 17
VisualStudioVersion = 17.4.33213.308
MinimumVisualStudioVersion = 10.0.40219.1
Project("{9A19103F-16F7-4668-BE54-9A1E7A4F7556}") = "WEB_153503_SIROTKIN", "WEB_153503_SIROTKIN\WEB_153503_SIROTKIN.csproj", "{65F828A2-AF1C-4EEC-9268-E39EC20E9FF5}"
	ProjectSection(ProjectDependencies) = postProject
		{D11B701C-0696-4C60-89DD-62A4625D2F3B} = {D11B701C-0696-4C60-89DD-62A4625D2F3B}
	EndProjectSection
EndProject
Project("{9A19103F-16F7-4668-BE54-9A1E7A4F7556}") = "WEB_153503_SIROTKIN.Domain", "WEB_153503_SIROTKIN.Domain\WEB_153503_SIROTKIN.Domain.csproj", "{D11B701C-0696-4C60-89DD-62A4625D2F3B}"
EndProject
Project("{9A19103F-16F7-4668-BE54-9A1E7A4F7556}") = "WEB_153503_SIROTKIN.API", "WEB_153503_SIROTKIN.API\WEB_153503_SIROTKIN.API.csproj", "{9FC6860D-6D54-4259-BE7D-14D70B3FCF32}"
EndProject
Global
	GlobalSection(SolutionConfigurationPlatforms) = preSolution
		Debug|Any CPU = Debug|Any CPU
		Release|Any CPU = Release|Any CPU
	EndGlobalSection
	GlobalSection(ProjectConfigurationPlatforms) = postSolution
		{65F828A2-AF1C-4EEC-9268-E39EC20E9FF5}.Debug|Any CPU.ActiveCfg = Debug|Any CPU
		{65F828A2-AF1C-4EEC-9268-E39EC20E9FF5}.Debug|Any CPU.Build.0 = Debug|Any CPU
		{65F828A2-AF1C-4EEC-9268-E39EC20E9FF5}.Release|Any CPU.ActiveCfg = Release|Any CPU
		{65F828A2-AF1C-4EEC-9268-E39EC20E9FF5}.Release|Any CPU.Build.0 = Release|Any CPU
		{D11B701C-0696-4C60-89DD-62A4625D2F3B}.Debug|Any CPU.ActiveCfg = Debug|Any CPU
		{D11B701C-0696-4C60-89DD-62A4625D2F3B}.Debug|Any CPU.Build.0 = Debug|Any CPU
		{D11B701C-0696-4C60-89DD-62A4625D2F3B}.Release|Any CPU.ActiveCfg = Release|Any CPU
		{D11B701C-0696-4C60-89DD-62A4625D2F3B}.Release|Any CPU.Build.0 = Release|Any CPU
		{9FC6860D-6D54-4259-BE7D-14D70B3FCF32}.Debug|Any CPU.ActiveCfg = Debug|Any CPU
		{9FC6860D-6D54-4259-BE7D-14D70B3FCF32}.Debug|Any CPU.Build.0 = Debug|Any CPU
		{9FC6860D-6D54-4259-BE7D-14D70B3FCF32}.Release|Any CPU.ActiveCfg = Release|Any CPU
		{9FC6860D-6D54-4259-BE7D-14D70B3FCF32}.Release|Any CPU.Build.0 = Release|Any CPU
	EndGlobalSection
	GlobalSection(SolutionProperties) = preSolution
		HideSolutionNode = FALSE
	EndGlobalSection
	GlobalSection(ExtensibilityGlobals) = postSolution
		SolutionGuid = {03E4BAD0-E3FE-4C47-A42B-0DFB8FF6FC45}
	EndGlobalSection
EndGlobal
